
Microsoft Visual Studio Solution File, Format Version 12.00
# Visual Studio Version 17
VisualStudioVersion = 17.11.35303.130
MinimumVisualStudioVersion = 10.0.40219.1
Project("{FAE04EC0-301F-11D3-BF4B-00C04F79EFBC}") = "ErrorUpload", "ErrorUpload\ErrorUpload.csproj", "{A0039FF0-2C28-425C-9EBA-EFAE6DA690FD}"
EndProject
Global
	GlobalSection(SolutionConfigurationPlatforms) = preSolution
		Debug|Any CPU = Debug|Any CPU
		Release|Any CPU = Release|Any CPU
	EndGlobalSection
	GlobalSection(ProjectConfigurationPlatforms) = postSolution
		{A0039FF0-2C28-425C-9EBA-EFAE6DA690FD}.Debug|Any CPU.ActiveCfg = Debug|Any CPU
		{A0039FF0-2C28-425C-9EBA-EFAE6DA690FD}.Debug|Any CPU.Build.0 = Debug|Any CPU
		{A0039FF0-2C28-425C-9EBA-EFAE6DA690FD}.Release|Any CPU.ActiveCfg = Release|Any CPU
		{A0039FF0-2C28-425C-9EBA-EFAE6DA690FD}.Release|Any CPU.Build.0 = Release|Any CPU
	EndGlobalSection
	GlobalSection(SolutionProperties) = preSolution
		HideSolutionNode = FALSE
	EndGlobalSection
	GlobalSection(ExtensibilityGlobals) = postSolution
		SolutionGuid = {3CE6EEA1-C47D-4D30-9A72-8FFC464AD344}
	EndGlobalSection
EndGlobal
