
Microsoft Visual Studio Solution File, Format Version 12.00
# Visual Studio Version 17
VisualStudioVersion = 17.11.35222.181
MinimumVisualStudioVersion = 10.0.40219.1
Project("{FAE04EC0-301F-11D3-BF4B-00C04F79EFBC}") = "WinFormsApp3", "WinFormsApp3\WinFormsApp3.csproj", "{290F1E26-7022-49F6-844D-C1F733927CAB}"
EndProject
Global
	GlobalSection(SolutionConfigurationPlatforms) = preSolution
		Debug|Any CPU = Debug|Any CPU
		Release|Any CPU = Release|Any CPU
	EndGlobalSection
	GlobalSection(ProjectConfigurationPlatforms) = postSolution
		{290F1E26-7022-49F6-844D-C1F733927CAB}.Debug|Any CPU.ActiveCfg = Debug|Any CPU
		{290F1E26-7022-49F6-844D-C1F733927CAB}.Debug|Any CPU.Build.0 = Debug|Any CPU
		{290F1E26-7022-49F6-844D-C1F733927CAB}.Release|Any CPU.ActiveCfg = Release|Any CPU
		{290F1E26-7022-49F6-844D-C1F733927CAB}.Release|Any CPU.Build.0 = Release|Any CPU
	EndGlobalSection
	GlobalSection(SolutionProperties) = preSolution
		HideSolutionNode = FALSE
	EndGlobalSection
	GlobalSection(ExtensibilityGlobals) = postSolution
		SolutionGuid = {6F6F9235-F370-4871-AD49-5CD629822219}
	EndGlobalSection
EndGlobal
